
Microsoft Visual Studio Solution File, Format Version 12.00
# Visual Studio Version 17
VisualStudioVersion = 17.8.34601.278
MinimumVisualStudioVersion = 10.0.40219.1
Project("{FAE04EC0-301F-11D3-BF4B-00C04F79EFBC}") = "CoffeeShopLab", "CoffeeShopLab\CoffeeShopLab.csproj", "{DD96139D-63C3-4A5E-952B-62DDCC6F4A25}"
EndProject
Global
	GlobalSection(SolutionConfigurationPlatforms) = preSolution
		Debug|Any CPU = Debug|Any CPU
		Release|Any CPU = Release|Any CPU
	EndGlobalSection
	GlobalSection(ProjectConfigurationPlatforms) = postSolution
		{DD96139D-63C3-4A5E-952B-62DDCC6F4A25}.Debug|Any CPU.ActiveCfg = Debug|Any CPU
		{DD96139D-63C3-4A5E-952B-62DDCC6F4A25}.Debug|Any CPU.Build.0 = Debug|Any CPU
		{DD96139D-63C3-4A5E-952B-62DDCC6F4A25}.Release|Any CPU.ActiveCfg = Release|Any CPU
		{DD96139D-63C3-4A5E-952B-62DDCC6F4A25}.Release|Any CPU.Build.0 = Release|Any CPU
	EndGlobalSection
	GlobalSection(SolutionProperties) = preSolution
		HideSolutionNode = FALSE
	EndGlobalSection
	GlobalSection(ExtensibilityGlobals) = postSolution
		SolutionGuid = {8807A85A-36C7-42C2-BBC5-90A564504637}
	EndGlobalSection
EndGlobal
